// !$*UTF8*$!
{
	archiveVersion = 1;
	classes = {
	};
	objectVersion = 50;
	objects = {

/* Begin PBXBuildFile section */
		411B4F83268D3703009E1B0E /* UserDefaultsManager.swift in Sources */ = {isa = PBXBuildFile; fileRef = 411B4F82268D3703009E1B0E /* UserDefaultsManager.swift */; };
		41D7DD28268C33D200CA71BC /* TipsView.swift in Sources */ = {isa = PBXBuildFile; fileRef = 41D7DD26268C33D200CA71BC /* TipsView.swift */; };
		41D7DD29268C33D200CA71BC /* TipsCardView.swift in Sources */ = {isa = PBXBuildFile; fileRef = 41D7DD27268C33D200CA71BC /* TipsCardView.swift */; };
		41D7DD2B268C33E600CA71BC /* PreferencesView.swift in Sources */ = {isa = PBXBuildFile; fileRef = 41D7DD2A268C33E600CA71BC /* PreferencesView.swift */; };
		41D7DD2D268C33F800CA71BC /* TabBarView.swift in Sources */ = {isa = PBXBuildFile; fileRef = 41D7DD2C268C33F800CA71BC /* TabBarView.swift */; };
		41D7DD2F268C347300CA71BC /* OnboardingStartingView.swift in Sources */ = {isa = PBXBuildFile; fileRef = 41D7DD2E268C347300CA71BC /* OnboardingStartingView.swift */; };
		41D7DD31268C34A100CA71BC /* OnboardingNameView.swift in Sources */ = {isa = PBXBuildFile; fileRef = 41D7DD30268C34A100CA71BC /* OnboardingNameView.swift */; };
		41D7DD38268C34DA00CA71BC /* DaySelectorView.swift in Sources */ = {isa = PBXBuildFile; fileRef = 41D7DD32268C34D900CA71BC /* DaySelectorView.swift */; };
		41D7DD39268C34DA00CA71BC /* MealCardView.swift in Sources */ = {isa = PBXBuildFile; fileRef = 41D7DD33268C34D900CA71BC /* MealCardView.swift */; };
		41D7DD3A268C34DA00CA71BC /* MealPlanMainView.swift in Sources */ = {isa = PBXBuildFile; fileRef = 41D7DD34268C34D900CA71BC /* MealPlanMainView.swift */; };
		41D7DD3B268C34DA00CA71BC /* WeekSelectorView.swift in Sources */ = {isa = PBXBuildFile; fileRef = 41D7DD35268C34DA00CA71BC /* WeekSelectorView.swift */; };
		41D7DD3C268C34DA00CA71BC /* WithoutMealPlanningCardView.swift in Sources */ = {isa = PBXBuildFile; fileRef = 41D7DD36268C34DA00CA71BC /* WithoutMealPlanningCardView.swift */; };
		41D7DD3D268C34DA00CA71BC /* ContentView.swift in Sources */ = {isa = PBXBuildFile; fileRef = 41D7DD37268C34DA00CA71BC /* ContentView.swift */; };
		41F10A6F2687F5F10097C21F /* Tips.swift in Sources */ = {isa = PBXBuildFile; fileRef = 41F10A6E2687F5F10097C21F /* Tips.swift */; };
		41F10A7126886B530097C21F /* PreferencesCardView.swift in Sources */ = {isa = PBXBuildFile; fileRef = 41F10A7026886B530097C21F /* PreferencesCardView.swift */; };
		41F10A7326886DC20097C21F /* Preferences.swift in Sources */ = {isa = PBXBuildFile; fileRef = 41F10A7226886DC10097C21F /* Preferences.swift */; };
		5B0931E2268A78C8005EBB76 /* AppData.swift in Sources */ = {isa = PBXBuildFile; fileRef = 5B0931E1268A78C8005EBB76 /* AppData.swift */; };
		5B23C76A26866E420067A827 /* MealManager.swift in Sources */ = {isa = PBXBuildFile; fileRef = 5B23C76926866E420067A827 /* MealManager.swift */; };
		5B23C76D2686ADAF0067A827 /* UserData.swift in Sources */ = {isa = PBXBuildFile; fileRef = 5B23C76C2686ADAF0067A827 /* UserData.swift */; };
		5B23C7712686CFC80067A827 /* WeekView.swift in Sources */ = {isa = PBXBuildFile; fileRef = 5B23C7702686CFC80067A827 /* WeekView.swift */; };
		5B23C7772687CD4C0067A827 /* CalendarManager.swift in Sources */ = {isa = PBXBuildFile; fileRef = 5B23C7762687CD4C0067A827 /* CalendarManager.swift */; };
		5BE68FFF26826351000DC284 /* FirstMiniChallengeApp.swift in Sources */ = {isa = PBXBuildFile; fileRef = 5BE68FFE26826351000DC284 /* FirstMiniChallengeApp.swift */; };
		5BE6900326826354000DC284 /* Assets.xcassets in Resources */ = {isa = PBXBuildFile; fileRef = 5BE6900226826354000DC284 /* Assets.xcassets */; };
		5BE6900626826354000DC284 /* Preview Assets.xcassets in Resources */ = {isa = PBXBuildFile; fileRef = 5BE6900526826354000DC284 /* Preview Assets.xcassets */; };
		5BE6901126826394000DC284 /* Food.swift in Sources */ = {isa = PBXBuildFile; fileRef = 5BE6901026826394000DC284 /* Food.swift */; };
		5BE69013268263A1000DC284 /* Meal.swift in Sources */ = {isa = PBXBuildFile; fileRef = 5BE69012268263A1000DC284 /* Meal.swift */; };
		5BE69015268263AC000DC284 /* Week.swift in Sources */ = {isa = PBXBuildFile; fileRef = 5BE69014268263AC000DC284 /* Week.swift */; };
		5BE69017268263B6000DC284 /* Day.swift in Sources */ = {isa = PBXBuildFile; fileRef = 5BE69016268263B6000DC284 /* Day.swift */; };
		8558982426867ECA002824D1 /* MealView.swift in Sources */ = {isa = PBXBuildFile; fileRef = 8558982326867ECA002824D1 /* MealView.swift */; };
		85977CB42688AE4400B19D5C /* TopMealView.swift in Sources */ = {isa = PBXBuildFile; fileRef = 85977CB32688AE4400B19D5C /* TopMealView.swift */; };
		85977CB72688B37500B19D5C /* FoodView.swift in Sources */ = {isa = PBXBuildFile; fileRef = 85977CB62688B37500B19D5C /* FoodView.swift */; };
		F604996F26885B47004728C5 /* OnboardingIsVeggieView.swift in Sources */ = {isa = PBXBuildFile; fileRef = F604996E26885B47004728C5 /* OnboardingIsVeggieView.swift */; };
		F604998C26887181004728C5 /* OnboardingMealView.swift in Sources */ = {isa = PBXBuildFile; fileRef = F604998B26887181004728C5 /* OnboardingMealView.swift */; };
		F604998E26887BA7004728C5 /* OnboardingLeguminosasView.swift in Sources */ = {isa = PBXBuildFile; fileRef = F604998D26887BA7004728C5 /* OnboardingLeguminosasView.swift */; };
		F604999026888372004728C5 /* OnboardingisVeggieButtomView.swift in Sources */ = {isa = PBXBuildFile; fileRef = F604998F26888372004728C5 /* OnboardingisVeggieButtomView.swift */; };
		F6049992268887FF004728C5 /* OnboardingFoodSelectionView.swift in Sources */ = {isa = PBXBuildFile; fileRef = F6049991268887FF004728C5 /* OnboardingFoodSelectionView.swift */; };
		F604999426889F3A004728C5 /* OnboardingFoodTypeSelectionView.swift in Sources */ = {isa = PBXBuildFile; fileRef = F604999326889F3A004728C5 /* OnboardingFoodTypeSelectionView.swift */; };
		F66E79F62688B58200AD8B60 /* OnboardingVegetaisView.swift in Sources */ = {isa = PBXBuildFile; fileRef = F66E79F52688B58200AD8B60 /* OnboardingVegetaisView.swift */; };
		F66E79F82688B6F600AD8B60 /* OnboardingCereaisView.swift in Sources */ = {isa = PBXBuildFile; fileRef = F66E79F72688B6F600AD8B60 /* OnboardingCereaisView.swift */; };
		F66E79FA2688B71200AD8B60 /* OnboardingOleaginosasView.swift in Sources */ = {isa = PBXBuildFile; fileRef = F66E79F92688B71200AD8B60 /* OnboardingOleaginosasView.swift */; };
		F66E79FE2688B75B00AD8B60 /* OnboardingLaticíniosView.swift in Sources */ = {isa = PBXBuildFile; fileRef = F66E79FD2688B75B00AD8B60 /* OnboardingLaticíniosView.swift */; };
		F66E7A002688B78700AD8B60 /* OnboardingCarnesOvosView.swift in Sources */ = {isa = PBXBuildFile; fileRef = F66E79FF2688B78700AD8B60 /* OnboardingCarnesOvosView.swift */; };
		F66E7A022688B7A300AD8B60 /* OnboardingFrutasView.swift in Sources */ = {isa = PBXBuildFile; fileRef = F66E7A012688B7A300AD8B60 /* OnboardingFrutasView.swift */; };
		F66E7A042688B7B600AD8B60 /* OnboardingTuberculosView.swift in Sources */ = {isa = PBXBuildFile; fileRef = F66E7A032688B7B600AD8B60 /* OnboardingTuberculosView.swift */; };
		F6E58680268B7C450054C7A4 /* OnboardingPreparing.swift in Sources */ = {isa = PBXBuildFile; fileRef = F6E5867F268B7C440054C7A4 /* OnboardingPreparing.swift */; };
/* End PBXBuildFile section */

/* Begin PBXFileReference section */
		411B4F82268D3703009E1B0E /* UserDefaultsManager.swift */ = {isa = PBXFileReference; lastKnownFileType = sourcecode.swift; path = UserDefaultsManager.swift; sourceTree = "<group>"; };
		41D7DD26268C33D200CA71BC /* TipsView.swift */ = {isa = PBXFileReference; fileEncoding = 4; lastKnownFileType = sourcecode.swift; path = TipsView.swift; sourceTree = "<group>"; };
		41D7DD27268C33D200CA71BC /* TipsCardView.swift */ = {isa = PBXFileReference; fileEncoding = 4; lastKnownFileType = sourcecode.swift; path = TipsCardView.swift; sourceTree = "<group>"; };
		41D7DD2A268C33E600CA71BC /* PreferencesView.swift */ = {isa = PBXFileReference; fileEncoding = 4; lastKnownFileType = sourcecode.swift; path = PreferencesView.swift; sourceTree = "<group>"; };
		41D7DD2C268C33F800CA71BC /* TabBarView.swift */ = {isa = PBXFileReference; fileEncoding = 4; lastKnownFileType = sourcecode.swift; path = TabBarView.swift; sourceTree = "<group>"; };
		41D7DD2E268C347300CA71BC /* OnboardingStartingView.swift */ = {isa = PBXFileReference; fileEncoding = 4; lastKnownFileType = sourcecode.swift; path = OnboardingStartingView.swift; sourceTree = "<group>"; };
		41D7DD30268C34A100CA71BC /* OnboardingNameView.swift */ = {isa = PBXFileReference; fileEncoding = 4; lastKnownFileType = sourcecode.swift; path = OnboardingNameView.swift; sourceTree = "<group>"; };
		41D7DD32268C34D900CA71BC /* DaySelectorView.swift */ = {isa = PBXFileReference; fileEncoding = 4; lastKnownFileType = sourcecode.swift; path = DaySelectorView.swift; sourceTree = "<group>"; };
		41D7DD33268C34D900CA71BC /* MealCardView.swift */ = {isa = PBXFileReference; fileEncoding = 4; lastKnownFileType = sourcecode.swift; path = MealCardView.swift; sourceTree = "<group>"; };
		41D7DD34268C34D900CA71BC /* MealPlanMainView.swift */ = {isa = PBXFileReference; fileEncoding = 4; lastKnownFileType = sourcecode.swift; path = MealPlanMainView.swift; sourceTree = "<group>"; };
		41D7DD35268C34DA00CA71BC /* WeekSelectorView.swift */ = {isa = PBXFileReference; fileEncoding = 4; lastKnownFileType = sourcecode.swift; path = WeekSelectorView.swift; sourceTree = "<group>"; };
		41D7DD36268C34DA00CA71BC /* WithoutMealPlanningCardView.swift */ = {isa = PBXFileReference; fileEncoding = 4; lastKnownFileType = sourcecode.swift; path = WithoutMealPlanningCardView.swift; sourceTree = "<group>"; };
		41D7DD37268C34DA00CA71BC /* ContentView.swift */ = {isa = PBXFileReference; fileEncoding = 4; lastKnownFileType = sourcecode.swift; path = ContentView.swift; sourceTree = "<group>"; };
		41F10A6E2687F5F10097C21F /* Tips.swift */ = {isa = PBXFileReference; lastKnownFileType = sourcecode.swift; path = Tips.swift; sourceTree = "<group>"; };
		41F10A7026886B530097C21F /* PreferencesCardView.swift */ = {isa = PBXFileReference; lastKnownFileType = sourcecode.swift; path = PreferencesCardView.swift; sourceTree = "<group>"; };
		41F10A7226886DC10097C21F /* Preferences.swift */ = {isa = PBXFileReference; lastKnownFileType = sourcecode.swift; path = Preferences.swift; sourceTree = "<group>"; };
		5B0931E1268A78C8005EBB76 /* AppData.swift */ = {isa = PBXFileReference; lastKnownFileType = sourcecode.swift; path = AppData.swift; sourceTree = "<group>"; };
		5B23C76926866E420067A827 /* MealManager.swift */ = {isa = PBXFileReference; lastKnownFileType = sourcecode.swift; path = MealManager.swift; sourceTree = "<group>"; };
		5B23C76C2686ADAF0067A827 /* UserData.swift */ = {isa = PBXFileReference; lastKnownFileType = sourcecode.swift; path = UserData.swift; sourceTree = "<group>"; };
		5B23C7702686CFC80067A827 /* WeekView.swift */ = {isa = PBXFileReference; lastKnownFileType = sourcecode.swift; path = WeekView.swift; sourceTree = "<group>"; };
		5B23C7762687CD4C0067A827 /* CalendarManager.swift */ = {isa = PBXFileReference; lastKnownFileType = sourcecode.swift; path = CalendarManager.swift; sourceTree = "<group>"; };
		5BE68FFB26826351000DC284 /* FirstMiniChallenge.app */ = {isa = PBXFileReference; explicitFileType = wrapper.application; includeInIndex = 0; path = FirstMiniChallenge.app; sourceTree = BUILT_PRODUCTS_DIR; };
		5BE68FFE26826351000DC284 /* FirstMiniChallengeApp.swift */ = {isa = PBXFileReference; lastKnownFileType = sourcecode.swift; path = FirstMiniChallengeApp.swift; sourceTree = "<group>"; };
		5BE6900226826354000DC284 /* Assets.xcassets */ = {isa = PBXFileReference; lastKnownFileType = folder.assetcatalog; path = Assets.xcassets; sourceTree = "<group>"; };
		5BE6900526826354000DC284 /* Preview Assets.xcassets */ = {isa = PBXFileReference; lastKnownFileType = folder.assetcatalog; path = "Preview Assets.xcassets"; sourceTree = "<group>"; };
		5BE6900726826354000DC284 /* Info.plist */ = {isa = PBXFileReference; lastKnownFileType = text.plist.xml; path = Info.plist; sourceTree = "<group>"; };
		5BE6901026826394000DC284 /* Food.swift */ = {isa = PBXFileReference; lastKnownFileType = sourcecode.swift; path = Food.swift; sourceTree = "<group>"; };
		5BE69012268263A1000DC284 /* Meal.swift */ = {isa = PBXFileReference; lastKnownFileType = sourcecode.swift; path = Meal.swift; sourceTree = "<group>"; };
		5BE69014268263AC000DC284 /* Week.swift */ = {isa = PBXFileReference; lastKnownFileType = sourcecode.swift; path = Week.swift; sourceTree = "<group>"; };
		5BE69016268263B6000DC284 /* Day.swift */ = {isa = PBXFileReference; lastKnownFileType = sourcecode.swift; path = Day.swift; sourceTree = "<group>"; };
		8558982326867ECA002824D1 /* MealView.swift */ = {isa = PBXFileReference; lastKnownFileType = sourcecode.swift; path = MealView.swift; sourceTree = "<group>"; };
		85977CB32688AE4400B19D5C /* TopMealView.swift */ = {isa = PBXFileReference; lastKnownFileType = sourcecode.swift; path = TopMealView.swift; sourceTree = "<group>"; };
		85977CB62688B37500B19D5C /* FoodView.swift */ = {isa = PBXFileReference; lastKnownFileType = sourcecode.swift; path = FoodView.swift; sourceTree = "<group>"; };
		F604996E26885B47004728C5 /* OnboardingIsVeggieView.swift */ = {isa = PBXFileReference; lastKnownFileType = sourcecode.swift; path = OnboardingIsVeggieView.swift; sourceTree = "<group>"; };
		F604998B26887181004728C5 /* OnboardingMealView.swift */ = {isa = PBXFileReference; lastKnownFileType = sourcecode.swift; path = OnboardingMealView.swift; sourceTree = "<group>"; };
		F604998D26887BA7004728C5 /* OnboardingLeguminosasView.swift */ = {isa = PBXFileReference; lastKnownFileType = sourcecode.swift; path = OnboardingLeguminosasView.swift; sourceTree = "<group>"; };
		F604998F26888372004728C5 /* OnboardingisVeggieButtomView.swift */ = {isa = PBXFileReference; lastKnownFileType = sourcecode.swift; path = OnboardingisVeggieButtomView.swift; sourceTree = "<group>"; };
		F6049991268887FF004728C5 /* OnboardingFoodSelectionView.swift */ = {isa = PBXFileReference; lastKnownFileType = sourcecode.swift; path = OnboardingFoodSelectionView.swift; sourceTree = "<group>"; };
		F604999326889F3A004728C5 /* OnboardingFoodTypeSelectionView.swift */ = {isa = PBXFileReference; lastKnownFileType = sourcecode.swift; path = OnboardingFoodTypeSelectionView.swift; sourceTree = "<group>"; };
		F66E79F52688B58200AD8B60 /* OnboardingVegetaisView.swift */ = {isa = PBXFileReference; lastKnownFileType = sourcecode.swift; path = OnboardingVegetaisView.swift; sourceTree = "<group>"; };
		F66E79F72688B6F600AD8B60 /* OnboardingCereaisView.swift */ = {isa = PBXFileReference; lastKnownFileType = sourcecode.swift; path = OnboardingCereaisView.swift; sourceTree = "<group>"; };
		F66E79F92688B71200AD8B60 /* OnboardingOleaginosasView.swift */ = {isa = PBXFileReference; lastKnownFileType = sourcecode.swift; path = OnboardingOleaginosasView.swift; sourceTree = "<group>"; };
		F66E79FD2688B75B00AD8B60 /* OnboardingLaticíniosView.swift */ = {isa = PBXFileReference; lastKnownFileType = sourcecode.swift; path = "OnboardingLaticíniosView.swift"; sourceTree = "<group>"; };
		F66E79FF2688B78700AD8B60 /* OnboardingCarnesOvosView.swift */ = {isa = PBXFileReference; lastKnownFileType = sourcecode.swift; path = OnboardingCarnesOvosView.swift; sourceTree = "<group>"; };
		F66E7A012688B7A300AD8B60 /* OnboardingFrutasView.swift */ = {isa = PBXFileReference; lastKnownFileType = sourcecode.swift; path = OnboardingFrutasView.swift; sourceTree = "<group>"; };
		F66E7A032688B7B600AD8B60 /* OnboardingTuberculosView.swift */ = {isa = PBXFileReference; lastKnownFileType = sourcecode.swift; path = OnboardingTuberculosView.swift; sourceTree = "<group>"; };
		F6E5867F268B7C440054C7A4 /* OnboardingPreparing.swift */ = {isa = PBXFileReference; lastKnownFileType = sourcecode.swift; path = OnboardingPreparing.swift; sourceTree = "<group>"; };
/* End PBXFileReference section */

/* Begin PBXFrameworksBuildPhase section */
		5BE68FF826826351000DC284 /* Frameworks */ = {
			isa = PBXFrameworksBuildPhase;
			buildActionMask = 2147483647;
			files = (
			);
			runOnlyForDeploymentPostprocessing = 0;
		};
/* End PBXFrameworksBuildPhase section */

/* Begin PBXGroup section */
		5B0931DF268A76E3005EBB76 /* Onboarding */ = {
			isa = PBXGroup;
			children = (
				41D7DD30268C34A100CA71BC /* OnboardingNameView.swift */,
				41D7DD2E268C347300CA71BC /* OnboardingStartingView.swift */,
				F604996E26885B47004728C5 /* OnboardingIsVeggieView.swift */,
				F604998F26888372004728C5 /* OnboardingisVeggieButtomView.swift */,
				F6049991268887FF004728C5 /* OnboardingFoodSelectionView.swift */,
				F604998B26887181004728C5 /* OnboardingMealView.swift */,
				F604999326889F3A004728C5 /* OnboardingFoodTypeSelectionView.swift */,
				F604998D26887BA7004728C5 /* OnboardingLeguminosasView.swift */,
				F66E79F92688B71200AD8B60 /* OnboardingOleaginosasView.swift */,
				F66E79F72688B6F600AD8B60 /* OnboardingCereaisView.swift */,
				F66E79FD2688B75B00AD8B60 /* OnboardingLaticíniosView.swift */,
				F66E79F52688B58200AD8B60 /* OnboardingVegetaisView.swift */,
				F66E79FF2688B78700AD8B60 /* OnboardingCarnesOvosView.swift */,
				F66E7A012688B7A300AD8B60 /* OnboardingFrutasView.swift */,
				F66E7A032688B7B600AD8B60 /* OnboardingTuberculosView.swift */,
				F6E5867F268B7C440054C7A4 /* OnboardingPreparing.swift */,
			);
			path = Onboarding;
			sourceTree = "<group>";
		};
		5B0931E3268A7BFA005EBB76 /* WeekView */ = {
			isa = PBXGroup;
			children = (
				41D7DD37268C34DA00CA71BC /* ContentView.swift */,
				41D7DD32268C34D900CA71BC /* DaySelectorView.swift */,
				41D7DD33268C34D900CA71BC /* MealCardView.swift */,
				41D7DD34268C34D900CA71BC /* MealPlanMainView.swift */,
				41D7DD35268C34DA00CA71BC /* WeekSelectorView.swift */,
				41D7DD36268C34DA00CA71BC /* WithoutMealPlanningCardView.swift */,
				5B23C7702686CFC80067A827 /* WeekView.swift */,
			);
			path = WeekView;
			sourceTree = "<group>";
		};
		5B0931E4268A7C48005EBB76 /* MealView */ = {
			isa = PBXGroup;
			children = (
				8558982326867ECA002824D1 /* MealView.swift */,
				85977CB32688AE4400B19D5C /* TopMealView.swift */,
				85977CB62688B37500B19D5C /* FoodView.swift */,
			);
			path = MealView;
			sourceTree = "<group>";
		};
		5B23C76B2686AD540067A827 /* Data */ = {
			isa = PBXGroup;
			children = (
				5B23C76C2686ADAF0067A827 /* UserData.swift */,
				5B0931E1268A78C8005EBB76 /* AppData.swift */,
			);
			path = Data;
			sourceTree = "<group>";
		};
		5B381F3F268A7CA700E82A06 /* TabBar */ = {
			isa = PBXGroup;
			children = (
				41D7DD2C268C33F800CA71BC /* TabBarView.swift */,
			);
			path = TabBar;
			sourceTree = "<group>";
		};
		5B381F40268A7CB900E82A06 /* Preferences */ = {
			isa = PBXGroup;
			children = (
				41D7DD2A268C33E600CA71BC /* PreferencesView.swift */,
				41F10A7026886B530097C21F /* PreferencesCardView.swift */,
			);
			path = Preferences;
			sourceTree = "<group>";
		};
		5B381F41268A7CC200E82A06 /* Tips */ = {
			isa = PBXGroup;
			children = (
				41D7DD27268C33D200CA71BC /* TipsCardView.swift */,
				41D7DD26268C33D200CA71BC /* TipsView.swift */,
			);
			path = Tips;
			sourceTree = "<group>";
		};
		5BE68FF226826351000DC284 = {
			isa = PBXGroup;
			children = (
				5BE68FFD26826351000DC284 /* FirstMiniChallenge */,
				5BE68FFC26826351000DC284 /* Products */,
			);
			sourceTree = "<group>";
		};
		5BE68FFC26826351000DC284 /* Products */ = {
			isa = PBXGroup;
			children = (
				5BE68FFB26826351000DC284 /* FirstMiniChallenge.app */,
			);
			name = Products;
			sourceTree = "<group>";
		};
		5BE68FFD26826351000DC284 /* FirstMiniChallenge */ = {
			isa = PBXGroup;
			children = (
				5B23C76B2686AD540067A827 /* Data */,
				5BE690192682CA7B000DC284 /* Manager */,
				5BE6901826827705000DC284 /* Views */,
				5BE6900F26826384000DC284 /* Model */,
				5BE68FFE26826351000DC284 /* FirstMiniChallengeApp.swift */,
				5BE6900226826354000DC284 /* Assets.xcassets */,
				5BE6900726826354000DC284 /* Info.plist */,
				5BE6900426826354000DC284 /* Preview Content */,
			);
			path = FirstMiniChallenge;
			sourceTree = "<group>";
		};
		5BE6900426826354000DC284 /* Preview Content */ = {
			isa = PBXGroup;
			children = (
				5BE6900526826354000DC284 /* Preview Assets.xcassets */,
			);
			path = "Preview Content";
			sourceTree = "<group>";
		};
		5BE6900F26826384000DC284 /* Model */ = {
			isa = PBXGroup;
			children = (
				5BE6901026826394000DC284 /* Food.swift */,
				5BE69012268263A1000DC284 /* Meal.swift */,
				5BE69016268263B6000DC284 /* Day.swift */,
				5BE69014268263AC000DC284 /* Week.swift */,
				41F10A6E2687F5F10097C21F /* Tips.swift */,
				41F10A7226886DC10097C21F /* Preferences.swift */,
			);
			path = Model;
			sourceTree = "<group>";
		};
		5BE6901826827705000DC284 /* Views */ = {
			isa = PBXGroup;
			children = (
				5B381F41268A7CC200E82A06 /* Tips */,
				5B381F40268A7CB900E82A06 /* Preferences */,
				5B381F3F268A7CA700E82A06 /* TabBar */,
				5B0931E4268A7C48005EBB76 /* MealView */,
				5B0931E3268A7BFA005EBB76 /* WeekView */,
				5B0931DF268A76E3005EBB76 /* Onboarding */,
			);
			path = Views;
			sourceTree = "<group>";
		};
		5BE690192682CA7B000DC284 /* Manager */ = {
			isa = PBXGroup;
			children = (
				5B23C76926866E420067A827 /* MealManager.swift */,
				5B23C7762687CD4C0067A827 /* CalendarManager.swift */,
				411B4F82268D3703009E1B0E /* UserDefaultsManager.swift */,
			);
			path = Manager;
			sourceTree = "<group>";
		};
/* End PBXGroup section */

/* Begin PBXNativeTarget section */
		5BE68FFA26826351000DC284 /* FirstMiniChallenge */ = {
			isa = PBXNativeTarget;
			buildConfigurationList = 5BE6900A26826354000DC284 /* Build configuration list for PBXNativeTarget "FirstMiniChallenge" */;
			buildPhases = (
				5BE68FF726826351000DC284 /* Sources */,
				5BE68FF826826351000DC284 /* Frameworks */,
				5BE68FF926826351000DC284 /* Resources */,
			);
			buildRules = (
			);
			dependencies = (
			);
			name = FirstMiniChallenge;
			productName = FirstMiniChallenge;
			productReference = 5BE68FFB26826351000DC284 /* FirstMiniChallenge.app */;
			productType = "com.apple.product-type.application";
		};
/* End PBXNativeTarget section */

/* Begin PBXProject section */
		5BE68FF326826351000DC284 /* Project object */ = {
			isa = PBXProject;
			attributes = {
				LastSwiftUpdateCheck = 1250;
				LastUpgradeCheck = 1250;
				TargetAttributes = {
					5BE68FFA26826351000DC284 = {
						CreatedOnToolsVersion = 12.5;
					};
				};
			};
			buildConfigurationList = 5BE68FF626826351000DC284 /* Build configuration list for PBXProject "FirstMiniChallenge" */;
			compatibilityVersion = "Xcode 9.3";
			developmentRegion = en;
			hasScannedForEncodings = 0;
			knownRegions = (
				en,
				Base,
			);
			mainGroup = 5BE68FF226826351000DC284;
			productRefGroup = 5BE68FFC26826351000DC284 /* Products */;
			projectDirPath = "";
			projectRoot = "";
			targets = (
				5BE68FFA26826351000DC284 /* FirstMiniChallenge */,
			);
		};
/* End PBXProject section */

/* Begin PBXResourcesBuildPhase section */
		5BE68FF926826351000DC284 /* Resources */ = {
			isa = PBXResourcesBuildPhase;
			buildActionMask = 2147483647;
			files = (
				5BE6900626826354000DC284 /* Preview Assets.xcassets in Resources */,
				5BE6900326826354000DC284 /* Assets.xcassets in Resources */,
			);
			runOnlyForDeploymentPostprocessing = 0;
		};
/* End PBXResourcesBuildPhase section */

/* Begin PBXSourcesBuildPhase section */
		5BE68FF726826351000DC284 /* Sources */ = {
			isa = PBXSourcesBuildPhase;
			buildActionMask = 2147483647;
			files = (
				41D7DD2D268C33F800CA71BC /* TabBarView.swift in Sources */,
				41F10A6F2687F5F10097C21F /* Tips.swift in Sources */,
				41D7DD3D268C34DA00CA71BC /* ContentView.swift in Sources */,
				5B23C76A26866E420067A827 /* MealManager.swift in Sources */,
				41D7DD29268C33D200CA71BC /* TipsCardView.swift in Sources */,
				F604998C26887181004728C5 /* OnboardingMealView.swift in Sources */,
				41D7DD28268C33D200CA71BC /* TipsView.swift in Sources */,
				5BE69013268263A1000DC284 /* Meal.swift in Sources */,
				41F10A7126886B530097C21F /* PreferencesCardView.swift in Sources */,
				5B23C76D2686ADAF0067A827 /* UserData.swift in Sources */,
				5B0931E2268A78C8005EBB76 /* AppData.swift in Sources */,
				F66E7A022688B7A300AD8B60 /* OnboardingFrutasView.swift in Sources */,
				41D7DD2B268C33E600CA71BC /* PreferencesView.swift in Sources */,
				F6049992268887FF004728C5 /* OnboardingFoodSelectionView.swift in Sources */,
				5BE69017268263B6000DC284 /* Day.swift in Sources */,
				85977CB72688B37500B19D5C /* FoodView.swift in Sources */,
				F66E79FA2688B71200AD8B60 /* OnboardingOleaginosasView.swift in Sources */,
				41D7DD38268C34DA00CA71BC /* DaySelectorView.swift in Sources */,
				41D7DD3B268C34DA00CA71BC /* WeekSelectorView.swift in Sources */,
				5BE69015268263AC000DC284 /* Week.swift in Sources */,
				5B23C7772687CD4C0067A827 /* CalendarManager.swift in Sources */,
				5B23C7712686CFC80067A827 /* WeekView.swift in Sources */,
				5BE68FFF26826351000DC284 /* FirstMiniChallengeApp.swift in Sources */,
				5BE6901126826394000DC284 /* Food.swift in Sources */,
				F604996F26885B47004728C5 /* OnboardingIsVeggieView.swift in Sources */,
				411B4F83268D3703009E1B0E /* UserDefaultsManager.swift in Sources */,
				F604999426889F3A004728C5 /* OnboardingFoodTypeSelectionView.swift in Sources */,
				41F10A7326886DC20097C21F /* Preferences.swift in Sources */,
				41D7DD39268C34DA00CA71BC /* MealCardView.swift in Sources */,
				F66E79F82688B6F600AD8B60 /* OnboardingCereaisView.swift in Sources */,
				41D7DD3C268C34DA00CA71BC /* WithoutMealPlanningCardView.swift in Sources */,
				41D7DD3A268C34DA00CA71BC /* MealPlanMainView.swift in Sources */,
				F604999026888372004728C5 /* OnboardingisVeggieButtomView.swift in Sources */,
				41D7DD31268C34A100CA71BC /* OnboardingNameView.swift in Sources */,
				8558982426867ECA002824D1 /* MealView.swift in Sources */,
				F66E79F62688B58200AD8B60 /* OnboardingVegetaisView.swift in Sources */,
				F604998E26887BA7004728C5 /* OnboardingLeguminosasView.swift in Sources */,
				F66E7A042688B7B600AD8B60 /* OnboardingTuberculosView.swift in Sources */,
				85977CB42688AE4400B19D5C /* TopMealView.swift in Sources */,
				F66E7A002688B78700AD8B60 /* OnboardingCarnesOvosView.swift in Sources */,
				F66E79FE2688B75B00AD8B60 /* OnboardingLaticíniosView.swift in Sources */,
				F6E58680268B7C450054C7A4 /* OnboardingPreparing.swift in Sources */,
				41D7DD2F268C347300CA71BC /* OnboardingStartingView.swift in Sources */,
			);
			runOnlyForDeploymentPostprocessing = 0;
		};
/* End PBXSourcesBuildPhase section */

/* Begin XCBuildConfiguration section */
		5BE6900826826354000DC284 /* Debug */ = {
			isa = XCBuildConfiguration;
			buildSettings = {
				ALWAYS_SEARCH_USER_PATHS = NO;
				CLANG_ANALYZER_NONNULL = YES;
				CLANG_ANALYZER_NUMBER_OBJECT_CONVERSION = YES_AGGRESSIVE;
				CLANG_CXX_LANGUAGE_STANDARD = "gnu++14";
				CLANG_CXX_LIBRARY = "libc++";
				CLANG_ENABLE_MODULES = YES;
				CLANG_ENABLE_OBJC_ARC = YES;
				CLANG_ENABLE_OBJC_WEAK = YES;
				CLANG_WARN_BLOCK_CAPTURE_AUTORELEASING = YES;
				CLANG_WARN_BOOL_CONVERSION = YES;
				CLANG_WARN_COMMA = YES;
				CLANG_WARN_CONSTANT_CONVERSION = YES;
				CLANG_WARN_DEPRECATED_OBJC_IMPLEMENTATIONS = YES;
				CLANG_WARN_DIRECT_OBJC_ISA_USAGE = YES_ERROR;
				CLANG_WARN_DOCUMENTATION_COMMENTS = YES;
				CLANG_WARN_EMPTY_BODY = YES;
				CLANG_WARN_ENUM_CONVERSION = YES;
				CLANG_WARN_INFINITE_RECURSION = YES;
				CLANG_WARN_INT_CONVERSION = YES;
				CLANG_WARN_NON_LITERAL_NULL_CONVERSION = YES;
				CLANG_WARN_OBJC_IMPLICIT_RETAIN_SELF = YES;
				CLANG_WARN_OBJC_LITERAL_CONVERSION = YES;
				CLANG_WARN_OBJC_ROOT_CLASS = YES_ERROR;
				CLANG_WARN_QUOTED_INCLUDE_IN_FRAMEWORK_HEADER = YES;
				CLANG_WARN_RANGE_LOOP_ANALYSIS = YES;
				CLANG_WARN_STRICT_PROTOTYPES = YES;
				CLANG_WARN_SUSPICIOUS_MOVE = YES;
				CLANG_WARN_UNGUARDED_AVAILABILITY = YES_AGGRESSIVE;
				CLANG_WARN_UNREACHABLE_CODE = YES;
				CLANG_WARN__DUPLICATE_METHOD_MATCH = YES;
				COPY_PHASE_STRIP = NO;
				DEBUG_INFORMATION_FORMAT = dwarf;
				ENABLE_STRICT_OBJC_MSGSEND = YES;
				ENABLE_TESTABILITY = YES;
				GCC_C_LANGUAGE_STANDARD = gnu11;
				GCC_DYNAMIC_NO_PIC = NO;
				GCC_NO_COMMON_BLOCKS = YES;
				GCC_OPTIMIZATION_LEVEL = 0;
				GCC_PREPROCESSOR_DEFINITIONS = (
					"DEBUG=1",
					"$(inherited)",
				);
				GCC_WARN_64_TO_32_BIT_CONVERSION = YES;
				GCC_WARN_ABOUT_RETURN_TYPE = YES_ERROR;
				GCC_WARN_UNDECLARED_SELECTOR = YES;
				GCC_WARN_UNINITIALIZED_AUTOS = YES_AGGRESSIVE;
				GCC_WARN_UNUSED_FUNCTION = YES;
				GCC_WARN_UNUSED_VARIABLE = YES;
				IPHONEOS_DEPLOYMENT_TARGET = 14.5;
				MTL_ENABLE_DEBUG_INFO = INCLUDE_SOURCE;
				MTL_FAST_MATH = YES;
				ONLY_ACTIVE_ARCH = YES;
				SDKROOT = iphoneos;
				SWIFT_ACTIVE_COMPILATION_CONDITIONS = DEBUG;
				SWIFT_OPTIMIZATION_LEVEL = "-Onone";
			};
			name = Debug;
		};
		5BE6900926826354000DC284 /* Release */ = {
			isa = XCBuildConfiguration;
			buildSettings = {
				ALWAYS_SEARCH_USER_PATHS = NO;
				CLANG_ANALYZER_NONNULL = YES;
				CLANG_ANALYZER_NUMBER_OBJECT_CONVERSION = YES_AGGRESSIVE;
				CLANG_CXX_LANGUAGE_STANDARD = "gnu++14";
				CLANG_CXX_LIBRARY = "libc++";
				CLANG_ENABLE_MODULES = YES;
				CLANG_ENABLE_OBJC_ARC = YES;
				CLANG_ENABLE_OBJC_WEAK = YES;
				CLANG_WARN_BLOCK_CAPTURE_AUTORELEASING = YES;
				CLANG_WARN_BOOL_CONVERSION = YES;
				CLANG_WARN_COMMA = YES;
				CLANG_WARN_CONSTANT_CONVERSION = YES;
				CLANG_WARN_DEPRECATED_OBJC_IMPLEMENTATIONS = YES;
				CLANG_WARN_DIRECT_OBJC_ISA_USAGE = YES_ERROR;
				CLANG_WARN_DOCUMENTATION_COMMENTS = YES;
				CLANG_WARN_EMPTY_BODY = YES;
				CLANG_WARN_ENUM_CONVERSION = YES;
				CLANG_WARN_INFINITE_RECURSION = YES;
				CLANG_WARN_INT_CONVERSION = YES;
				CLANG_WARN_NON_LITERAL_NULL_CONVERSION = YES;
				CLANG_WARN_OBJC_IMPLICIT_RETAIN_SELF = YES;
				CLANG_WARN_OBJC_LITERAL_CONVERSION = YES;
				CLANG_WARN_OBJC_ROOT_CLASS = YES_ERROR;
				CLANG_WARN_QUOTED_INCLUDE_IN_FRAMEWORK_HEADER = YES;
				CLANG_WARN_RANGE_LOOP_ANALYSIS = YES;
				CLANG_WARN_STRICT_PROTOTYPES = YES;
				CLANG_WARN_SUSPICIOUS_MOVE = YES;
				CLANG_WARN_UNGUARDED_AVAILABILITY = YES_AGGRESSIVE;
				CLANG_WARN_UNREACHABLE_CODE = YES;
				CLANG_WARN__DUPLICATE_METHOD_MATCH = YES;
				COPY_PHASE_STRIP = NO;
				DEBUG_INFORMATION_FORMAT = "dwarf-with-dsym";
				ENABLE_NS_ASSERTIONS = NO;
				ENABLE_STRICT_OBJC_MSGSEND = YES;
				GCC_C_LANGUAGE_STANDARD = gnu11;
				GCC_NO_COMMON_BLOCKS = YES;
				GCC_WARN_64_TO_32_BIT_CONVERSION = YES;
				GCC_WARN_ABOUT_RETURN_TYPE = YES_ERROR;
				GCC_WARN_UNDECLARED_SELECTOR = YES;
				GCC_WARN_UNINITIALIZED_AUTOS = YES_AGGRESSIVE;
				GCC_WARN_UNUSED_FUNCTION = YES;
				GCC_WARN_UNUSED_VARIABLE = YES;
				IPHONEOS_DEPLOYMENT_TARGET = 14.5;
				MTL_ENABLE_DEBUG_INFO = NO;
				MTL_FAST_MATH = YES;
				SDKROOT = iphoneos;
				SWIFT_COMPILATION_MODE = wholemodule;
				SWIFT_OPTIMIZATION_LEVEL = "-O";
				VALIDATE_PRODUCT = YES;
			};
			name = Release;
		};
		5BE6900B26826354000DC284 /* Debug */ = {
			isa = XCBuildConfiguration;
			buildSettings = {
				ASSETCATALOG_COMPILER_APPICON_NAME = AppIcon;
				ASSETCATALOG_COMPILER_GLOBAL_ACCENT_COLOR_NAME = AccentColor;
				CODE_SIGN_STYLE = Automatic;
				DEVELOPMENT_ASSET_PATHS = "\"FirstMiniChallenge/Preview Content\"";
				DEVELOPMENT_TEAM = VWZ6P536SX;
				ENABLE_PREVIEWS = YES;
				INFOPLIST_FILE = FirstMiniChallenge/Info.plist;
				IPHONEOS_DEPLOYMENT_TARGET = 14.0;
				LD_RUNPATH_SEARCH_PATHS = (
					"$(inherited)",
					"@executable_path/Frameworks",
				);
				PRODUCT_BUNDLE_IDENTIFIER = com.andrearns.FirstMiniChallenge;
				PRODUCT_NAME = "$(TARGET_NAME)";
				SWIFT_VERSION = 5.0;
				TARGETED_DEVICE_FAMILY = "1,2";
			};
			name = Debug;
		};
		5BE6900C26826354000DC284 /* Release */ = {
			isa = XCBuildConfiguration;
			buildSettings = {
				ASSETCATALOG_COMPILER_APPICON_NAME = AppIcon;
				ASSETCATALOG_COMPILER_GLOBAL_ACCENT_COLOR_NAME = AccentColor;
				CODE_SIGN_STYLE = Automatic;
				DEVELOPMENT_ASSET_PATHS = "\"FirstMiniChallenge/Preview Content\"";
				DEVELOPMENT_TEAM = VWZ6P536SX;
				ENABLE_PREVIEWS = YES;
				INFOPLIST_FILE = FirstMiniChallenge/Info.plist;
				IPHONEOS_DEPLOYMENT_TARGET = 14.0;
				LD_RUNPATH_SEARCH_PATHS = (
					"$(inherited)",
					"@executable_path/Frameworks",
				);
				PRODUCT_BUNDLE_IDENTIFIER = com.andrearns.FirstMiniChallenge;
				PRODUCT_NAME = "$(TARGET_NAME)";
				SWIFT_VERSION = 5.0;
				TARGETED_DEVICE_FAMILY = "1,2";
			};
			name = Release;
		};
/* End XCBuildConfiguration section */

/* Begin XCConfigurationList section */
		5BE68FF626826351000DC284 /* Build configuration list for PBXProject "FirstMiniChallenge" */ = {
			isa = XCConfigurationList;
			buildConfigurations = (
				5BE6900826826354000DC284 /* Debug */,
				5BE6900926826354000DC284 /* Release */,
			);
			defaultConfigurationIsVisible = 0;
			defaultConfigurationName = Release;
		};
		5BE6900A26826354000DC284 /* Build configuration list for PBXNativeTarget "FirstMiniChallenge" */ = {
			isa = XCConfigurationList;
			buildConfigurations = (
				5BE6900B26826354000DC284 /* Debug */,
				5BE6900C26826354000DC284 /* Release */,
			);
			defaultConfigurationIsVisible = 0;
			defaultConfigurationName = Release;
		};
/* End XCConfigurationList section */
	};
	rootObject = 5BE68FF326826351000DC284 /* Project object */;
}
